
Microsoft Visual Studio Solution File, Format Version 12.00
# Visual Studio Version 17
VisualStudioVersion = 17.14.36408.4 d17.14
MinimumVisualStudioVersion = 10.0.40219.1
Project("{FAE04EC0-301F-11D3-BF4B-00C04F79EFBC}") = "Campany.Joe.PL", "Campany.Joe.PL\Campany.Joe.PL.csproj", "{9DE2A94E-EC81-4572-9340-D99E100762C6}"
EndProject
Project("{FAE04EC0-301F-11D3-BF4B-00C04F79EFBC}") = "Company.DAL", "Company.DAL\Company.DAL.csproj", "{95108A95-B894-4002-A501-69E527DC6C89}"
EndProject
Project("{FAE04EC0-301F-11D3-BF4B-00C04F79EFBC}") = "Company.BLL", "Company.BLL\Company.BLL.csproj", "{0A43C60A-1810-43B4-B8B8-D66F1157E7B5}"
EndProject
Global
	GlobalSection(SolutionConfigurationPlatforms) = preSolution
		Debug|Any CPU = Debug|Any CPU
		Release|Any CPU = Release|Any CPU
	EndGlobalSection
	GlobalSection(ProjectConfigurationPlatforms) = postSolution
		{9DE2A94E-EC81-4572-9340-D99E100762C6}.Debug|Any CPU.ActiveCfg = Debug|Any CPU
		{9DE2A94E-EC81-4572-9340-D99E100762C6}.Debug|Any CPU.Build.0 = Debug|Any CPU
		{9DE2A94E-EC81-4572-9340-D99E100762C6}.Release|Any CPU.ActiveCfg = Release|Any CPU
		{9DE2A94E-EC81-4572-9340-D99E100762C6}.Release|Any CPU.Build.0 = Release|Any CPU
		{95108A95-B894-4002-A501-69E527DC6C89}.Debug|Any CPU.ActiveCfg = Debug|Any CPU
		{95108A95-B894-4002-A501-69E527DC6C89}.Debug|Any CPU.Build.0 = Debug|Any CPU
		{95108A95-B894-4002-A501-69E527DC6C89}.Release|Any CPU.ActiveCfg = Release|Any CPU
		{95108A95-B894-4002-A501-69E527DC6C89}.Release|Any CPU.Build.0 = Release|Any CPU
		{0A43C60A-1810-43B4-B8B8-D66F1157E7B5}.Debug|Any CPU.ActiveCfg = Debug|Any CPU
		{0A43C60A-1810-43B4-B8B8-D66F1157E7B5}.Debug|Any CPU.Build.0 = Debug|Any CPU
		{0A43C60A-1810-43B4-B8B8-D66F1157E7B5}.Release|Any CPU.ActiveCfg = Release|Any CPU
		{0A43C60A-1810-43B4-B8B8-D66F1157E7B5}.Release|Any CPU.Build.0 = Release|Any CPU
	EndGlobalSection
	GlobalSection(SolutionProperties) = preSolution
		HideSolutionNode = FALSE
	EndGlobalSection
	GlobalSection(ExtensibilityGlobals) = postSolution
		SolutionGuid = {A961A998-6279-4916-B5D5-9DC79CCC8A3D}
	EndGlobalSection
EndGlobal
